
Microsoft Visual Studio Solution File, Format Version 12.00
# Visual Studio Version 16
VisualStudioVersion = 16.0.29613.14
MinimumVisualStudioVersion = 10.0.40219.1
Project("{9A19103F-16F7-4668-BE54-9A1E7A4F7556}") = "Portal.Services", "Portal.Services\Portal.Services.csproj", "{48613C1A-0FFF-4D6F-A5DC-20DB1A07CB9D}"
EndProject
Project("{9A19103F-16F7-4668-BE54-9A1E7A4F7556}") = "Portal.Data", "Portal.Data\Portal.Data.csproj", "{C1FDDD50-1CA9-4A78-AF8C-15E7DAF2CDC5}"
EndProject
Project("{9A19103F-16F7-4668-BE54-9A1E7A4F7556}") = "Portal.Application", "Portal.Application\Portal.Application.csproj", "{736D128A-741E-4817-91CC-DD7480CCCF9B}"
EndProject
Project("{9A19103F-16F7-4668-BE54-9A1E7A4F7556}") = "Portal.Api", "Portal.Api\Portal.Api.csproj", "{C8011255-1E48-402E-9FBD-6622E3D1FA77}"
EndProject
Project("{9A19103F-16F7-4668-BE54-9A1E7A4F7556}") = "Portal.Facades", "Portal.Facades\Portal.Facades.csproj", "{595F4D49-2C5E-4B20-9139-36494372DD80}"
EndProject
Project("{9A19103F-16F7-4668-BE54-9A1E7A4F7556}") = "Portal.Domain", "Portal.Domain\Portal.Domain.csproj", "{638420D6-885C-4F8F-BFCE-2F4B9A3B9922}"
EndProject
Project("{2150E333-8FDC-42A3-9474-1A3956D46DE8}") = "Application", "Application", "{76DA70F7-FF1C-44EC-9979-B21E815AA754}"
EndProject
Project("{2150E333-8FDC-42A3-9474-1A3956D46DE8}") = "Data", "Data", "{5CBE3025-DDD6-41EB-B41B-A618B45A1FA7}"
EndProject
Project("{2150E333-8FDC-42A3-9474-1A3956D46DE8}") = "Domain", "Domain", "{2DF8D1A9-A50D-41BF-B6DD-80B388F647B9}"
EndProject
Project("{2150E333-8FDC-42A3-9474-1A3956D46DE8}") = "Services", "Services", "{6853F3D9-82DC-42C6-96B6-706736BA1792}"
EndProject
Project("{2150E333-8FDC-42A3-9474-1A3956D46DE8}") = "Infra", "Infra", "{4C36683B-BFD0-477A-95EB-D1DA9BD7FDED}"
EndProject
Project("{FAE04EC0-301F-11D3-BF4B-00C04F79EFBC}") = "Portal.Extensions", "Portal.Extensions\Portal.Extensions.csproj", "{CF0F8C00-C3CB-4DB2-953B-C9F44B592C22}"
EndProject
Project("{2150E333-8FDC-42A3-9474-1A3956D46DE8}") = "Test", "Test", "{B6D31A02-C8E9-484C-90A6-E3A11D456A71}"
EndProject
Project("{FAE04EC0-301F-11D3-BF4B-00C04F79EFBC}") = "Portal.Test", "Portal.Test\Portal.Test.csproj", "{F9B797A7-A7AD-41B4-B439-1192D33F2B46}"
EndProject
Global
	GlobalSection(SolutionConfigurationPlatforms) = preSolution
		Debug|Any CPU = Debug|Any CPU
		Release|Any CPU = Release|Any CPU
	EndGlobalSection
	GlobalSection(ProjectConfigurationPlatforms) = postSolution
		{48613C1A-0FFF-4D6F-A5DC-20DB1A07CB9D}.Debug|Any CPU.ActiveCfg = Debug|Any CPU
		{48613C1A-0FFF-4D6F-A5DC-20DB1A07CB9D}.Debug|Any CPU.Build.0 = Debug|Any CPU
		{48613C1A-0FFF-4D6F-A5DC-20DB1A07CB9D}.Release|Any CPU.ActiveCfg = Release|Any CPU
		{48613C1A-0FFF-4D6F-A5DC-20DB1A07CB9D}.Release|Any CPU.Build.0 = Release|Any CPU
		{C1FDDD50-1CA9-4A78-AF8C-15E7DAF2CDC5}.Debug|Any CPU.ActiveCfg = Debug|Any CPU
		{C1FDDD50-1CA9-4A78-AF8C-15E7DAF2CDC5}.Debug|Any CPU.Build.0 = Debug|Any CPU
		{C1FDDD50-1CA9-4A78-AF8C-15E7DAF2CDC5}.Release|Any CPU.ActiveCfg = Release|Any CPU
		{C1FDDD50-1CA9-4A78-AF8C-15E7DAF2CDC5}.Release|Any CPU.Build.0 = Release|Any CPU
		{736D128A-741E-4817-91CC-DD7480CCCF9B}.Debug|Any CPU.ActiveCfg = Debug|Any CPU
		{736D128A-741E-4817-91CC-DD7480CCCF9B}.Debug|Any CPU.Build.0 = Debug|Any CPU
		{736D128A-741E-4817-91CC-DD7480CCCF9B}.Release|Any CPU.ActiveCfg = Release|Any CPU
		{736D128A-741E-4817-91CC-DD7480CCCF9B}.Release|Any CPU.Build.0 = Release|Any CPU
		{C8011255-1E48-402E-9FBD-6622E3D1FA77}.Debug|Any CPU.ActiveCfg = Debug|Any CPU
		{C8011255-1E48-402E-9FBD-6622E3D1FA77}.Debug|Any CPU.Build.0 = Debug|Any CPU
		{C8011255-1E48-402E-9FBD-6622E3D1FA77}.Release|Any CPU.ActiveCfg = Release|Any CPU
		{C8011255-1E48-402E-9FBD-6622E3D1FA77}.Release|Any CPU.Build.0 = Release|Any CPU
		{595F4D49-2C5E-4B20-9139-36494372DD80}.Debug|Any CPU.ActiveCfg = Debug|Any CPU
		{595F4D49-2C5E-4B20-9139-36494372DD80}.Debug|Any CPU.Build.0 = Debug|Any CPU
		{595F4D49-2C5E-4B20-9139-36494372DD80}.Release|Any CPU.ActiveCfg = Release|Any CPU
		{595F4D49-2C5E-4B20-9139-36494372DD80}.Release|Any CPU.Build.0 = Release|Any CPU
		{638420D6-885C-4F8F-BFCE-2F4B9A3B9922}.Debug|Any CPU.ActiveCfg = Debug|Any CPU
		{638420D6-885C-4F8F-BFCE-2F4B9A3B9922}.Debug|Any CPU.Build.0 = Debug|Any CPU
		{638420D6-885C-4F8F-BFCE-2F4B9A3B9922}.Release|Any CPU.ActiveCfg = Release|Any CPU
		{638420D6-885C-4F8F-BFCE-2F4B9A3B9922}.Release|Any CPU.Build.0 = Release|Any CPU
		{CF0F8C00-C3CB-4DB2-953B-C9F44B592C22}.Debug|Any CPU.ActiveCfg = Debug|Any CPU
		{CF0F8C00-C3CB-4DB2-953B-C9F44B592C22}.Debug|Any CPU.Build.0 = Debug|Any CPU
		{CF0F8C00-C3CB-4DB2-953B-C9F44B592C22}.Release|Any CPU.ActiveCfg = Release|Any CPU
		{CF0F8C00-C3CB-4DB2-953B-C9F44B592C22}.Release|Any CPU.Build.0 = Release|Any CPU
		{F9B797A7-A7AD-41B4-B439-1192D33F2B46}.Debug|Any CPU.ActiveCfg = Debug|Any CPU
		{F9B797A7-A7AD-41B4-B439-1192D33F2B46}.Debug|Any CPU.Build.0 = Debug|Any CPU
		{F9B797A7-A7AD-41B4-B439-1192D33F2B46}.Release|Any CPU.ActiveCfg = Release|Any CPU
		{F9B797A7-A7AD-41B4-B439-1192D33F2B46}.Release|Any CPU.Build.0 = Release|Any CPU
	EndGlobalSection
	GlobalSection(SolutionProperties) = preSolution
		HideSolutionNode = FALSE
	EndGlobalSection
	GlobalSection(NestedProjects) = preSolution
		{48613C1A-0FFF-4D6F-A5DC-20DB1A07CB9D} = {6853F3D9-82DC-42C6-96B6-706736BA1792}
		{C1FDDD50-1CA9-4A78-AF8C-15E7DAF2CDC5} = {5CBE3025-DDD6-41EB-B41B-A618B45A1FA7}
		{736D128A-741E-4817-91CC-DD7480CCCF9B} = {76DA70F7-FF1C-44EC-9979-B21E815AA754}
		{C8011255-1E48-402E-9FBD-6622E3D1FA77} = {76DA70F7-FF1C-44EC-9979-B21E815AA754}
		{595F4D49-2C5E-4B20-9139-36494372DD80} = {76DA70F7-FF1C-44EC-9979-B21E815AA754}
		{638420D6-885C-4F8F-BFCE-2F4B9A3B9922} = {2DF8D1A9-A50D-41BF-B6DD-80B388F647B9}
		{CF0F8C00-C3CB-4DB2-953B-C9F44B592C22} = {4C36683B-BFD0-477A-95EB-D1DA9BD7FDED}
		{F9B797A7-A7AD-41B4-B439-1192D33F2B46} = {B6D31A02-C8E9-484C-90A6-E3A11D456A71}
	EndGlobalSection
	GlobalSection(ExtensibilityGlobals) = postSolution
		SolutionGuid = {0B61CA4D-886B-47EE-8185-980297427ABC}
	EndGlobalSection
EndGlobal
